
Microsoft Visual Studio Solution File, Format Version 12.00
# Visual Studio 15
VisualStudioVersion = 15.0.27004.2002
MinimumVisualStudioVersion = 10.0.40219.1
Project("{FAE04EC0-301F-11D3-BF4B-00C04F79EFBC}") = "Dit_Wpf_App", "Dit_Wpf_App\Dit_Wpf_App.csproj", "{6B934D78-1973-40A1-9784-3B3B67171894}"
EndProject
Global
	GlobalSection(SolutionConfigurationPlatforms) = preSolution
		Debug|Any CPU = Debug|Any CPU
		Release|Any CPU = Release|Any CPU
	EndGlobalSection
	GlobalSection(ProjectConfigurationPlatforms) = postSolution
		{6B934D78-1973-40A1-9784-3B3B67171894}.Debug|Any CPU.ActiveCfg = Debug|Any CPU
		{6B934D78-1973-40A1-9784-3B3B67171894}.Debug|Any CPU.Build.0 = Debug|Any CPU
		{6B934D78-1973-40A1-9784-3B3B67171894}.Release|Any CPU.ActiveCfg = Release|Any CPU
		{6B934D78-1973-40A1-9784-3B3B67171894}.Release|Any CPU.Build.0 = Release|Any CPU
	EndGlobalSection
	GlobalSection(SolutionProperties) = preSolution
		HideSolutionNode = FALSE
	EndGlobalSection
	GlobalSection(ExtensibilityGlobals) = postSolution
		SolutionGuid = {F0051BA0-9417-4348-A6DE-7CA653EFE0E7}
	EndGlobalSection
EndGlobal
